{
  "R": {
    "Version": "4.3.3",
    "Repositories": [
      {
        "Name": "BioCsoft",
        "URL": "https://bioconductor.org/packages/3.18/bioc"
      },
      {
        "Name": "BioCann",
        "URL": "https://bioconductor.org/packages/3.18/data/annotation"
      },
      {
        "Name": "BioCexp",
        "URL": "https://bioconductor.org/packages/3.18/data/experiment"
      },
      {
        "Name": "BioCworkflows",
        "URL": "https://bioconductor.org/packages/3.18/workflows"
      },
      {
        "Name": "BioCbooks",
        "URL": "https://bioconductor.org/packages/3.18/books"
      },
      {
        "Name": "CRAN",
        "URL": "https://p3m.dev/cran/latest"
      }
    ]
  },
  "Bioconductor": {
    "Version": "3.18"
  },
  "Packages": {
    "BH": {
      "Package": "BH",
      "Version": "1.84.0-0",
      "Source": "Repository"
    },
    "Biobase": {
      "Package": "Biobase",
      "Version": "2.62.0",
      "Source": "Bioconductor",
      "Requirements": [
        "BiocGenerics",
        "R",
        "methods",
        "utils"
      ],
      "Hash": "38252a34e82d3ff6bb46b4e2252d2dce"
    },
    "BiocGenerics": {
      "Package": "BiocGenerics",
      "Version": "0.48.1",
      "Source": "Bioconductor",
      "Requirements": [
        "R",
        "graphics",
        "methods",
        "stats",
        "utils"
      ],
      "Hash": "e34278c65d7dffcc08f737bf0944ca9a"
    },
    "BiocManager": {
      "Package": "BiocManager",
      "Version": "1.30.22",
      "Source": "Repository",
      "Repository": "CRAN",
      "Requirements": [
        "utils"
      ],
      "Hash": "d57e43105a1aa9cb54fdb4629725acb1"
    },
    "BiocNeighbors": {
      "Package": "BiocNeighbors",
      "Version": "1.20.2",
      "Source": "Bioconductor",
      "Repository": "Bioconductor 3.18",
      "Requirements": [
        "BiocParallel",
        "Matrix",
        "Rcpp",
        "RcppHNSW",
        "S4Vectors",
        "methods",
        "stats"
      ],
      "Hash": "c5c8ade5852fd3b25c66ec28873d00f1"
    },
    "BiocParallel": {
      "Package": "BiocParallel",
      "Version": "1.36.0",
      "Source": "Bioconductor",
      "Requirements": [
        "BH",
        "R",
        "codetools",
        "cpp11",
        "futile.logger",
        "methods",
        "parallel",
        "snow",
        "stats",
        "utils"
      ],
      "Hash": "6d1689ee8b65614ba6ef4012a67b663a"
    },
    "BiocVersion": {
      "Package": "BiocVersion",
      "Version": "3.18.1",
      "Source": "Bioconductor",
      "Repository": "Bioconductor 3.18",
      "Requirements": [
        "R"
      ],
      "Hash": "2ecaed86684f5fae76ed5530f9d29c4a"
    },
    "DBI": {
      "Package": "DBI",
      "Version": "1.2.2",
      "Source": "Repository"
    },
    "DelayedArray": {
      "Package": "DelayedArray",
      "Version": "0.28.0",
      "Source": "Bioconductor",
      "Requirements": [
        "BiocGenerics",
        "IRanges",
        "Matrix",
        "MatrixGenerics",
        "R",
        "S4Arrays",
        "S4Vectors",
        "SparseArray",
        "methods",
        "stats",
        "stats4"
      ],
      "Hash": "0e5c84e543a3d04ce64c6f60ed46d7eb"
    },
    "DelayedMatrixStats": {
      "Package": "DelayedMatrixStats",
      "Version": "1.24.0",
      "Source": "Bioconductor",
      "Requirements": [
        "DelayedArray",
        "IRanges",
        "Matrix",
        "MatrixGenerics",
        "S4Vectors",
        "methods",
        "sparseMatrixStats"
      ],
      "Hash": "71c2d178d33f9d91999f67dc2d53b747"
    },
    "DropletUtils": {
      "Package": "DropletUtils",
      "Version": "1.22.0",
      "Source": "Bioconductor",
      "Requirements": [
        "BH",
        "BiocGenerics",
        "BiocParallel",
        "DelayedArray",
        "DelayedMatrixStats",
        "GenomicRanges",
        "HDF5Array",
        "IRanges",
        "Matrix",
        "R.utils",
        "Rcpp",
        "Rhdf5lib",
        "S4Vectors",
        "SingleCellExperiment",
        "SummarizedExperiment",
        "beachmat",
        "dqrng",
        "edgeR",
        "methods",
        "rhdf5",
        "scuttle",
        "stats",
        "utils"
      ],
      "Hash": "be3893d30c97591f1d3ec6f053830c3a"
    },
    "FNN": {
      "Package": "FNN",
      "Version": "1.1.4",
      "Source": "Repository"
    },
    "GenomeInfoDb": {
      "Package": "GenomeInfoDb",
      "Version": "1.38.8",
      "Source": "Bioconductor",
      "Repository": "Bioconductor 3.18",
      "Requirements": [
        "BiocGenerics",
        "GenomeInfoDbData",
        "IRanges",
        "R",
        "RCurl",
        "S4Vectors",
        "methods",
        "stats",
        "stats4",
        "utils"
      ],
      "Hash": "155053909d2831bfac154a1118151d6b"
    },
    "GenomeInfoDbData": {
      "Package": "GenomeInfoDbData",
      "Version": "1.2.11",
      "Source": "Bioconductor",
      "Requirements": [
        "R"
      ],
      "Hash": "10f32956181d1d46bd8402c93ac193e8"
    },
    "GenomicRanges": {
      "Package": "GenomicRanges",
      "Version": "1.54.1",
      "Source": "Bioconductor",
      "Requirements": [
        "BiocGenerics",
        "GenomeInfoDb",
        "IRanges",
        "R",
        "S4Vectors",
        "XVector",
        "methods",
        "stats",
        "stats4",
        "utils"
      ],
      "Hash": "7e0c1399af35369312d9c399454374e8"
    },
    "HDF5Array": {
      "Package": "HDF5Array",
      "Version": "1.30.1",
      "Source": "Bioconductor",
      "Repository": "Bioconductor 3.18",
      "Requirements": [
        "BiocGenerics",
        "DelayedArray",
        "IRanges",
        "Matrix",
        "R",
        "Rhdf5lib",
        "S4Arrays",
        "S4Vectors",
        "methods",
        "rhdf5",
        "rhdf5filters",
        "stats",
        "tools",
        "utils"
      ],
      "Hash": "9b8deb4fd34fa439c16c829457d1968f"
    },
    "IRanges": {
      "Package": "IRanges",
      "Version": "2.36.0",
      "Source": "Bioconductor",
      "Requirements": [
        "BiocGenerics",
        "R",
        "S4Vectors",
        "methods",
        "stats",
        "stats4",
        "utils"
      ],
      "Hash": "f98500eeb93e8a66ad65be955a848595"
    },
    "KernSmooth": {
      "Package": "KernSmooth",
      "Version": "2.23-22",
      "Source": "Repository"
    },
    "MASS": {
      "Package": "MASS",
      "Version": "7.3-60.0.1",
      "Source": "Repository"
    },
    "Matrix": {
      "Package": "Matrix",
      "Version": "1.6-5",
      "Source": "Repository"
    },
    "MatrixGenerics": {
      "Package": "MatrixGenerics",
      "Version": "1.14.0",
      "Source": "Bioconductor",
      "Requirements": [
        "matrixStats",
        "methods"
      ],
      "Hash": "088cd2077b5619fcb7b373b1a45174e7"
    },
    "R.methodsS3": {
      "Package": "R.methodsS3",
      "Version": "1.8.2",
      "Source": "Repository",
      "Repository": "RSPM",
      "Requirements": [
        "R",
        "utils"
      ],
      "Hash": "278c286fd6e9e75d0c2e8f731ea445c8"
    },
    "R.oo": {
      "Package": "R.oo",
      "Version": "1.26.0",
      "Source": "Repository",
      "Repository": "RSPM",
      "Requirements": [
        "R",
        "R.methodsS3",
        "methods",
        "utils"
      ],
      "Hash": "4fed809e53ddb5407b3da3d0f572e591"
    },
    "R.utils": {
      "Package": "R.utils",
      "Version": "2.12.3",
      "Source": "Repository",
      "Repository": "RSPM",
      "Requirements": [
        "R",
        "R.methodsS3",
        "R.oo",
        "methods",
        "tools",
        "utils"
      ],
      "Hash": "3dc2829b790254bfba21e60965787651"
    },
    "R6": {
      "Package": "R6",
      "Version": "2.5.1",
      "Source": "Repository"
    },
    "RANN": {
      "Package": "RANN",
      "Version": "2.6.1",
      "Source": "Repository"
    },
    "RColorBrewer": {
      "Package": "RColorBrewer",
      "Version": "1.1-3",
      "Source": "Repository"
    },
    "RCurl": {
      "Package": "RCurl",
      "Version": "1.98-1.14",
      "Source": "Repository",
      "Repository": "RSPM",
      "Requirements": [
        "R",
        "bitops",
        "methods"
      ],
      "Hash": "47f648d288079d0c696804ad4e55197e"
    },
    "ROCR": {
      "Package": "ROCR",
      "Version": "1.0-11",
      "Source": "Repository"
    },
    "RSpectra": {
      "Package": "RSpectra",
      "Version": "0.16-1",
      "Source": "Repository"
    },
    "Rcpp": {
      "Package": "Rcpp",
      "Version": "1.0.12",
      "Source": "Repository"
    },
    "RcppAnnoy": {
      "Package": "RcppAnnoy",
      "Version": "0.0.22",
      "Source": "Repository"
    },
    "RcppArmadillo": {
      "Package": "RcppArmadillo",
      "Version": "0.12.8.2.1",
      "Source": "Repository"
    },
    "RcppEigen": {
      "Package": "RcppEigen",
      "Version": "0.3.4.0.0",
      "Source": "Repository"
    },
    "RcppHNSW": {
      "Package": "RcppHNSW",
      "Version": "0.6.0",
      "Source": "Repository"
    },
    "RcppProgress": {
      "Package": "RcppProgress",
      "Version": "0.4.2",
      "Source": "Repository"
    },
    "RcppTOML": {
      "Package": "RcppTOML",
      "Version": "0.2.2",
      "Source": "Repository"
    },
    "Rhdf5lib": {
      "Package": "Rhdf5lib",
      "Version": "1.24.2",
      "Source": "Bioconductor",
      "Repository": "Bioconductor 3.18",
      "Requirements": [
        "R"
      ],
      "Hash": "3cf103db29d75af0221d71946509a30c"
    },
    "Rtsne": {
      "Package": "Rtsne",
      "Version": "0.17",
      "Source": "Repository"
    },
    "S4Arrays": {
      "Package": "S4Arrays",
      "Version": "1.2.1",
      "Source": "Bioconductor",
      "Repository": "Bioconductor 3.18",
      "Requirements": [
        "BiocGenerics",
        "IRanges",
        "Matrix",
        "R",
        "S4Vectors",
        "abind",
        "crayon",
        "methods",
        "stats"
      ],
      "Hash": "3213a9826adb8f48e51af1e7b30fa568"
    },
    "S4Vectors": {
      "Package": "S4Vectors",
      "Version": "0.40.2",
      "Source": "Bioconductor",
      "Repository": "Bioconductor 3.18",
      "Requirements": [
        "BiocGenerics",
        "R",
        "methods",
        "stats",
        "stats4",
        "utils"
      ],
      "Hash": "1716e201f81ced0f456dd5ec85fe20f8"
    },
    "Seurat": {
      "Package": "Seurat",
      "Version": "5.0.3",
      "Source": "Repository"
    },
    "SeuratObject": {
      "Package": "SeuratObject",
      "Version": "5.0.1",
      "Source": "Repository"
    },
    "SingleCellExperiment": {
      "Package": "SingleCellExperiment",
      "Version": "1.24.0",
      "Source": "Bioconductor",
      "Requirements": [
        "BiocGenerics",
        "DelayedArray",
        "GenomicRanges",
        "S4Vectors",
        "SummarizedExperiment",
        "methods",
        "stats",
        "utils"
      ],
      "Hash": "e21b3571ce76eb4dfe6bf7900960aa6a"
    },
    "SparseArray": {
      "Package": "SparseArray",
      "Version": "1.2.4",
      "Source": "Bioconductor",
      "Repository": "Bioconductor 3.18",
      "Requirements": [
        "BiocGenerics",
        "IRanges",
        "Matrix",
        "MatrixGenerics",
        "R",
        "S4Arrays",
        "S4Vectors",
        "XVector",
        "matrixStats",
        "methods",
        "stats"
      ],
      "Hash": "391092e7b81373ab624bd6471cebccd4"
    },
    "SummarizedExperiment": {
      "Package": "SummarizedExperiment",
      "Version": "1.32.0",
      "Source": "Bioconductor",
      "Requirements": [
        "Biobase",
        "BiocGenerics",
        "DelayedArray",
        "GenomeInfoDb",
        "GenomicRanges",
        "IRanges",
        "Matrix",
        "MatrixGenerics",
        "R",
        "S4Arrays",
        "S4Vectors",
        "methods",
        "stats",
        "tools",
        "utils"
      ],
      "Hash": "caee529bf9710ff6fe1776612fcaa266"
    },
    "XVector": {
      "Package": "XVector",
      "Version": "0.42.0",
      "Source": "Bioconductor",
      "Requirements": [
        "BiocGenerics",
        "IRanges",
        "R",
        "S4Vectors",
        "methods",
        "tools",
        "utils",
        "zlibbioc"
      ],
      "Hash": "65c0b6bca03f88758f86ef0aa18c4873"
    },
    "abind": {
      "Package": "abind",
      "Version": "1.4-5",
      "Source": "Repository"
    },
    "askpass": {
      "Package": "askpass",
      "Version": "1.2.0",
      "Source": "Repository"
    },
    "backports": {
      "Package": "backports",
      "Version": "1.4.1",
      "Source": "Repository"
    },
    "base64enc": {
      "Package": "base64enc",
      "Version": "0.1-3",
      "Source": "Repository"
    },
    "beachmat": {
      "Package": "beachmat",
      "Version": "2.18.1",
      "Source": "Bioconductor",
      "Repository": "Bioconductor 3.18",
      "Requirements": [
        "BiocGenerics",
        "DelayedArray",
        "Matrix",
        "Rcpp",
        "SparseArray",
        "methods"
      ],
      "Hash": "c1c423ca7149d9e7f55d1e609342c2bd"
    },
    "bit": {
      "Package": "bit",
      "Version": "4.0.5",
      "Source": "Repository"
    },
    "bit64": {
      "Package": "bit64",
      "Version": "4.0.5",
      "Source": "Repository"
    },
    "bitops": {
      "Package": "bitops",
      "Version": "1.0-7",
      "Source": "Repository"
    },
    "blob": {
      "Package": "blob",
      "Version": "1.2.4",
      "Source": "Repository"
    },
    "bluster": {
      "Package": "bluster",
      "Version": "1.12.0",
      "Source": "Bioconductor",
      "Repository": "Bioconductor 3.18",
      "Requirements": [
        "BiocNeighbors",
        "BiocParallel",
        "Matrix",
        "Rcpp",
        "S4Vectors",
        "cluster",
        "igraph",
        "methods",
        "stats",
        "utils"
      ],
      "Hash": "fca0d5ffad6380f13cad4d7855107aef"
    },
    "broom": {
      "Package": "broom",
      "Version": "1.0.5",
      "Source": "Repository"
    },
    "bslib": {
      "Package": "bslib",
      "Version": "0.7.0",
      "Source": "Repository"
    },
    "caTools": {
      "Package": "caTools",
      "Version": "1.18.2",
      "Source": "Repository"
    },
    "cachem": {
      "Package": "cachem",
      "Version": "1.0.8",
      "Source": "Repository"
    },
    "callr": {
      "Package": "callr",
      "Version": "3.7.6",
      "Source": "Repository"
    },
    "cellranger": {
      "Package": "cellranger",
      "Version": "1.1.0",
      "Source": "Repository"
    },
    "cli": {
      "Package": "cli",
      "Version": "3.6.2",
      "Source": "Repository"
    },
    "clipr": {
      "Package": "clipr",
      "Version": "0.8.0",
      "Source": "Repository"
    },
    "cluster": {
      "Package": "cluster",
      "Version": "2.1.6",
      "Source": "Repository"
    },
    "codetools": {
      "Package": "codetools",
      "Version": "0.2-20",
      "Source": "Repository"
    },
    "colorspace": {
      "Package": "colorspace",
      "Version": "2.1-0",
      "Source": "Repository"
    },
    "commonmark": {
      "Package": "commonmark",
      "Version": "1.9.1",
      "Source": "Repository"
    },
    "conflicted": {
      "Package": "conflicted",
      "Version": "1.2.0",
      "Source": "Repository"
    },
    "cowplot": {
      "Package": "cowplot",
      "Version": "1.1.3",
      "Source": "Repository"
    },
    "cpp11": {
      "Package": "cpp11",
      "Version": "0.4.7",
      "Source": "Repository"
    },
    "crayon": {
      "Package": "crayon",
      "Version": "1.5.2",
      "Source": "Repository"
    },
    "crosstalk": {
      "Package": "crosstalk",
      "Version": "1.2.1",
      "Source": "Repository"
    },
    "curl": {
      "Package": "curl",
      "Version": "5.2.1",
      "Source": "Repository"
    },
    "data.table": {
      "Package": "data.table",
      "Version": "1.15.4",
      "Source": "Repository"
    },
    "dbplyr": {
      "Package": "dbplyr",
      "Version": "2.5.0",
      "Source": "Repository"
    },
    "deldir": {
      "Package": "deldir",
      "Version": "2.0-4",
      "Source": "Repository"
    },
    "digest": {
      "Package": "digest",
      "Version": "0.6.35",
      "Source": "Repository"
    },
    "dotCall64": {
      "Package": "dotCall64",
      "Version": "1.1-1",
      "Source": "Repository"
    },
    "dplyr": {
      "Package": "dplyr",
      "Version": "1.1.4",
      "Source": "Repository"
    },
    "dqrng": {
      "Package": "dqrng",
      "Version": "0.3.2",
      "Source": "Repository"
    },
    "dtplyr": {
      "Package": "dtplyr",
      "Version": "1.3.1",
      "Source": "Repository"
    },
    "edgeR": {
      "Package": "edgeR",
      "Version": "4.0.16",
      "Source": "Bioconductor",
      "Repository": "Bioconductor 3.18",
      "Requirements": [
        "R",
        "Rcpp",
        "graphics",
        "limma",
        "locfit",
        "methods",
        "stats",
        "utils"
      ],
      "Hash": "a0405c7890708dcb53809d46758800f4"
    },
    "ellipsis": {
      "Package": "ellipsis",
      "Version": "0.3.2",
      "Source": "Repository"
    },
    "evaluate": {
      "Package": "evaluate",
      "Version": "0.23",
      "Source": "Repository"
    },
    "fansi": {
      "Package": "fansi",
      "Version": "1.0.6",
      "Source": "Repository"
    },
    "farver": {
      "Package": "farver",
      "Version": "2.1.1",
      "Source": "Repository"
    },
    "fastDummies": {
      "Package": "fastDummies",
      "Version": "1.7.3",
      "Source": "Repository"
    },
    "fastmap": {
      "Package": "fastmap",
      "Version": "1.1.1",
      "Source": "Repository"
    },
    "fishpond": {
      "Package": "fishpond",
      "Version": "2.8.0",
      "Source": "Bioconductor",
      "Requirements": [
        "GenomicRanges",
        "IRanges",
        "Matrix",
        "S4Vectors",
        "SingleCellExperiment",
        "SummarizedExperiment",
        "abind",
        "graphics",
        "gtools",
        "jsonlite",
        "matrixStats",
        "methods",
        "qvalue",
        "stats",
        "svMisc",
        "utils"
      ],
      "Hash": "60ebe3366ccb6c1a11a99682f56f2a2f"
    },
    "fitdistrplus": {
      "Package": "fitdistrplus",
      "Version": "1.1-11",
      "Source": "Repository"
    },
    "flexmix": {
      "Package": "flexmix",
      "Version": "2.3-19",
      "Source": "Repository",
      "Repository": "RSPM",
      "Requirements": [
        "R",
        "grDevices",
        "graphics",
        "grid",
        "lattice",
        "methods",
        "modeltools",
        "nnet",
        "stats",
        "stats4",
        "utils"
      ],
      "Hash": "0cb3c4b251c2d3fd5923d3e7e6021ee2"
    },
    "fontawesome": {
      "Package": "fontawesome",
      "Version": "0.5.2",
      "Source": "Repository"
    },
    "forcats": {
      "Package": "forcats",
      "Version": "1.0.0",
      "Source": "Repository"
    },
    "formatR": {
      "Package": "formatR",
      "Version": "1.14",
      "Source": "Repository",
      "Repository": "RSPM",
      "Requirements": [
        "R"
      ],
      "Hash": "63cb26d12517c7863f5abb006c5e0f25"
    },
    "fs": {
      "Package": "fs",
      "Version": "1.6.3",
      "Source": "Repository"
    },
    "futile.logger": {
      "Package": "futile.logger",
      "Version": "1.4.3",
      "Source": "Repository",
      "Repository": "RSPM",
      "Requirements": [
        "R",
        "futile.options",
        "lambda.r",
        "utils"
      ],
      "Hash": "99f0ace8c05ec7d3683d27083c4f1e7e"
    },
    "futile.options": {
      "Package": "futile.options",
      "Version": "1.0.1",
      "Source": "Repository",
      "Repository": "RSPM",
      "Requirements": [
        "R"
      ],
      "Hash": "0d9bf02413ddc2bbe8da9ce369dcdd2b"
    },
    "future": {
      "Package": "future",
      "Version": "1.33.2",
      "Source": "Repository"
    },
    "future.apply": {
      "Package": "future.apply",
      "Version": "1.11.2",
      "Source": "Repository"
    },
    "gargle": {
      "Package": "gargle",
      "Version": "1.5.2",
      "Source": "Repository"
    },
    "generics": {
      "Package": "generics",
      "Version": "0.1.3",
      "Source": "Repository"
    },
    "getopt": {
      "Package": "getopt",
      "Version": "1.20.4",
      "Source": "Repository"
    },
    "ggplot2": {
      "Package": "ggplot2",
      "Version": "3.5.0",
      "Source": "Repository"
    },
    "ggrepel": {
      "Package": "ggrepel",
      "Version": "0.9.5",
      "Source": "Repository"
    },
    "ggridges": {
      "Package": "ggridges",
      "Version": "0.5.6",
      "Source": "Repository"
    },
    "globals": {
      "Package": "globals",
      "Version": "0.16.3",
      "Source": "Repository"
    },
    "glue": {
      "Package": "glue",
      "Version": "1.7.0",
      "Source": "Repository"
    },
    "goftest": {
      "Package": "goftest",
      "Version": "1.2-3",
      "Source": "Repository"
    },
    "googledrive": {
      "Package": "googledrive",
      "Version": "2.1.1",
      "Source": "Repository"
    },
    "googlesheets4": {
      "Package": "googlesheets4",
      "Version": "1.1.1",
      "Source": "Repository"
    },
    "gplots": {
      "Package": "gplots",
      "Version": "3.1.3.1",
      "Source": "Repository"
    },
    "grDevices": {
      "Package": "grDevices",
      "Version": "4.3.3",
      "Source": "R"
    },
    "graphics": {
      "Package": "graphics",
      "Version": "4.3.3",
      "Source": "R"
    },
    "grid": {
      "Package": "grid",
      "Version": "4.3.3",
      "Source": "R"
    },
    "gridExtra": {
      "Package": "gridExtra",
      "Version": "2.3",
      "Source": "Repository"
    },
    "gtable": {
      "Package": "gtable",
      "Version": "0.3.5",
      "Source": "Repository"
    },
    "gtools": {
      "Package": "gtools",
      "Version": "3.9.5",
      "Source": "Repository"
    },
    "haven": {
      "Package": "haven",
      "Version": "2.5.4",
      "Source": "Repository"
    },
    "here": {
      "Package": "here",
      "Version": "1.0.1",
      "Source": "Repository"
    },
    "highr": {
      "Package": "highr",
      "Version": "0.10",
      "Source": "Repository"
    },
    "hms": {
      "Package": "hms",
      "Version": "1.1.3",
      "Source": "Repository"
    },
    "htmltools": {
      "Package": "htmltools",
      "Version": "0.5.8.1",
      "Source": "Repository"
    },
    "htmlwidgets": {
      "Package": "htmlwidgets",
      "Version": "1.6.4",
      "Source": "Repository"
    },
    "httpuv": {
      "Package": "httpuv",
      "Version": "1.6.15",
      "Source": "Repository"
    },
    "httr": {
      "Package": "httr",
      "Version": "1.4.7",
      "Source": "Repository"
    },
    "ica": {
      "Package": "ica",
      "Version": "1.0-3",
      "Source": "Repository"
    },
    "ids": {
      "Package": "ids",
      "Version": "1.0.1",
      "Source": "Repository"
    },
    "igraph": {
      "Package": "igraph",
      "Version": "2.0.3",
      "Source": "Repository"
    },
    "irlba": {
      "Package": "irlba",
      "Version": "2.3.5.1",
      "Source": "Repository"
    },
    "isoband": {
      "Package": "isoband",
      "Version": "0.2.7",
      "Source": "Repository"
    },
    "jquerylib": {
      "Package": "jquerylib",
      "Version": "0.1.4",
      "Source": "Repository"
    },
    "jsonlite": {
      "Package": "jsonlite",
      "Version": "1.8.8",
      "Source": "Repository"
    },
    "knitr": {
      "Package": "knitr",
      "Version": "1.46",
      "Source": "Repository"
    },
    "labeling": {
      "Package": "labeling",
      "Version": "0.4.3",
      "Source": "Repository"
    },
    "lambda.r": {
      "Package": "lambda.r",
      "Version": "1.2.4",
      "Source": "Repository",
      "Repository": "RSPM",
      "Requirements": [
        "R",
        "formatR"
      ],
      "Hash": "b1e925c4b9ffeb901bacf812cbe9a6ad"
    },
    "later": {
      "Package": "later",
      "Version": "1.3.2",
      "Source": "Repository"
    },
    "lattice": {
      "Package": "lattice",
      "Version": "0.22-6",
      "Source": "Repository"
    },
    "lazyeval": {
      "Package": "lazyeval",
      "Version": "0.2.2",
      "Source": "Repository"
    },
    "leiden": {
      "Package": "leiden",
      "Version": "0.4.3.1",
      "Source": "Repository"
    },
    "lifecycle": {
      "Package": "lifecycle",
      "Version": "1.0.4",
      "Source": "Repository"
    },
    "limma": {
      "Package": "limma",
      "Version": "3.58.1",
      "Source": "Bioconductor",
      "Requirements": [
        "R",
        "grDevices",
        "graphics",
        "methods",
        "statmod",
        "stats",
        "utils"
      ],
      "Hash": "74c3b64358e0be7edc3ecd130816dd3f"
    },
    "listenv": {
      "Package": "listenv",
      "Version": "0.9.1",
      "Source": "Repository"
    },
    "lmtest": {
      "Package": "lmtest",
      "Version": "0.9-40",
      "Source": "Repository"
    },
    "locfit": {
      "Package": "locfit",
      "Version": "1.5-9.9",
      "Source": "Repository",
      "Repository": "RSPM",
      "Requirements": [
        "R",
        "lattice"
      ],
      "Hash": "3885127e04b35dafded049075057ad83"
    },
    "lubridate": {
      "Package": "lubridate",
      "Version": "1.9.3",
      "Source": "Repository"
    },
    "magrittr": {
      "Package": "magrittr",
      "Version": "2.0.3",
      "Source": "Repository"
    },
    "matrixStats": {
      "Package": "matrixStats",
      "Version": "1.3.0",
      "Source": "Repository"
    },
    "memoise": {
      "Package": "memoise",
      "Version": "2.0.1",
      "Source": "Repository"
    },
    "methods": {
      "Package": "methods",
      "Version": "4.3.3",
      "Source": "R"
    },
    "mgcv": {
      "Package": "mgcv",
      "Version": "1.9-1",
      "Source": "Repository"
    },
    "miQC": {
      "Package": "miQC",
      "Version": "1.10.0",
      "Source": "Bioconductor",
      "Requirements": [
        "R",
        "SingleCellExperiment",
        "flexmix",
        "ggplot2",
        "splines"
      ],
      "Hash": "5d3660451d88509307ce0b0e48748109"
    },
    "mime": {
      "Package": "mime",
      "Version": "0.12",
      "Source": "Repository"
    },
    "miniUI": {
      "Package": "miniUI",
      "Version": "0.1.1.1",
      "Source": "Repository"
    },
    "modelr": {
      "Package": "modelr",
      "Version": "0.1.11",
      "Source": "Repository"
    },
    "modeltools": {
      "Package": "modeltools",
      "Version": "0.2-23",
      "Source": "Repository",
      "Repository": "RSPM",
      "Requirements": [
        "methods",
        "stats",
        "stats4"
      ],
      "Hash": "f5a957c02222589bdf625a67be68b2a9"
    },
    "munsell": {
      "Package": "munsell",
      "Version": "0.5.1",
      "Source": "Repository"
    },
    "nlme": {
      "Package": "nlme",
      "Version": "3.1-164",
      "Source": "Repository"
    },
    "nnet": {
      "Package": "nnet",
      "Version": "7.3-19",
      "Source": "Repository",
      "Repository": "CRAN",
      "Requirements": [
        "R",
        "stats",
        "utils"
      ],
      "Hash": "2c797b46eea7fb58ede195bc0b1f1138"
    },
    "openssl": {
      "Package": "openssl",
      "Version": "2.1.2",
      "Source": "Repository"
    },
    "optparse": {
      "Package": "optparse",
      "Version": "1.7.5",
      "Source": "Repository"
    },
    "parallel": {
      "Package": "parallel",
      "Version": "4.3.3",
      "Source": "R"
    },
    "parallelly": {
      "Package": "parallelly",
      "Version": "1.37.1",
      "Source": "Repository"
    },
    "patchwork": {
      "Package": "patchwork",
      "Version": "1.2.0",
      "Source": "Repository"
    },
    "pbapply": {
      "Package": "pbapply",
      "Version": "1.7-2",
      "Source": "Repository"
    },
    "pillar": {
      "Package": "pillar",
      "Version": "1.9.0",
      "Source": "Repository"
    },
    "pkgconfig": {
      "Package": "pkgconfig",
      "Version": "2.0.3",
      "Source": "Repository"
    },
    "plotly": {
      "Package": "plotly",
      "Version": "4.10.4",
      "Source": "Repository"
    },
    "plyr": {
      "Package": "plyr",
      "Version": "1.8.9",
      "Source": "Repository"
    },
    "png": {
      "Package": "png",
      "Version": "0.1-8",
      "Source": "Repository"
    },
    "polyclip": {
      "Package": "polyclip",
      "Version": "1.10-6",
      "Source": "Repository"
    },
    "prettyunits": {
      "Package": "prettyunits",
      "Version": "1.2.0",
      "Source": "Repository"
    },
    "processx": {
      "Package": "processx",
      "Version": "3.8.4",
      "Source": "Repository"
    },
    "progress": {
      "Package": "progress",
      "Version": "1.2.3",
      "Source": "Repository"
    },
    "progressr": {
      "Package": "progressr",
      "Version": "0.14.0",
      "Source": "Repository"
    },
    "promises": {
      "Package": "promises",
      "Version": "1.3.0",
      "Source": "Repository"
    },
    "ps": {
      "Package": "ps",
      "Version": "1.7.6",
      "Source": "Repository"
    },
    "purrr": {
      "Package": "purrr",
      "Version": "1.0.2",
      "Source": "Repository"
    },
    "qvalue": {
      "Package": "qvalue",
      "Version": "2.34.0",
      "Source": "Bioconductor",
      "Requirements": [
        "R",
        "ggplot2",
        "grid",
        "reshape2",
        "splines"
      ],
      "Hash": "76fc42834c44b69e4021f6ade524d299"
    },
    "ragg": {
      "Package": "ragg",
      "Version": "1.3.0",
      "Source": "Repository"
    },
    "rappdirs": {
      "Package": "rappdirs",
      "Version": "0.3.3",
      "Source": "Repository"
    },
    "readr": {
      "Package": "readr",
      "Version": "2.1.5",
      "Source": "Repository"
    },
    "readxl": {
      "Package": "readxl",
      "Version": "1.4.3",
      "Source": "Repository"
    },
    "rematch": {
      "Package": "rematch",
      "Version": "2.0.0",
      "Source": "Repository"
    },
    "rematch2": {
      "Package": "rematch2",
      "Version": "2.1.2",
      "Source": "Repository"
    },
    "renv": {
      "Package": "renv",
      "Version": "1.0.7",
      "Source": "Repository",
      "Repository": "RSPM",
      "Requirements": [
        "utils"
      ],
      "Hash": "397b7b2a265bc5a7a06852524dabae20"
    },
    "reprex": {
      "Package": "reprex",
      "Version": "2.1.0",
      "Source": "Repository"
    },
    "reshape2": {
      "Package": "reshape2",
      "Version": "1.4.4",
      "Source": "Repository"
    },
    "reticulate": {
      "Package": "reticulate",
      "Version": "1.36.1",
      "Source": "Repository"
    },
    "rhdf5": {
      "Package": "rhdf5",
      "Version": "2.46.1",
      "Source": "Bioconductor",
      "Repository": "Bioconductor 3.18",
      "Requirements": [
        "R",
        "Rhdf5lib",
        "S4Vectors",
        "methods",
        "rhdf5filters"
      ],
      "Hash": "b0a244022c3427cd8213c33804c6b5de"
    },
    "rhdf5filters": {
      "Package": "rhdf5filters",
      "Version": "1.14.1",
      "Source": "Bioconductor",
      "Repository": "Bioconductor 3.18",
      "Requirements": [
        "Rhdf5lib"
      ],
      "Hash": "d27a2f6a89def6388fad5b0aae026220"
    },
    "rlang": {
      "Package": "rlang",
      "Version": "1.1.3",
      "Source": "Repository"
    },
    "rmarkdown": {
      "Package": "rmarkdown",
      "Version": "2.26",
      "Source": "Repository"
    },
    "rprojroot": {
      "Package": "rprojroot",
      "Version": "2.0.4",
      "Source": "Repository"
    },
    "rstudioapi": {
      "Package": "rstudioapi",
      "Version": "0.16.0",
      "Source": "Repository"
    },
    "rvest": {
      "Package": "rvest",
      "Version": "1.0.4",
      "Source": "Repository"
    },
    "sass": {
      "Package": "sass",
      "Version": "0.4.9",
      "Source": "Repository"
    },
    "scales": {
      "Package": "scales",
      "Version": "1.3.0",
      "Source": "Repository"
    },
    "scattermore": {
      "Package": "scattermore",
      "Version": "1.2",
      "Source": "Repository"
    },
    "sctransform": {
      "Package": "sctransform",
      "Version": "0.4.1",
      "Source": "Repository"
    },
    "scuttle": {
      "Package": "scuttle",
      "Version": "1.12.0",
      "Source": "Bioconductor",
      "Requirements": [
        "BiocGenerics",
        "BiocParallel",
        "DelayedArray",
        "DelayedMatrixStats",
        "GenomicRanges",
        "Matrix",
        "Rcpp",
        "S4Vectors",
        "SingleCellExperiment",
        "SummarizedExperiment",
        "beachmat",
        "methods",
        "stats",
        "utils"
      ],
      "Hash": "1412c4b6dfd8de528e1101e493e66a02"
    },
    "selectr": {
      "Package": "selectr",
      "Version": "0.4-2",
      "Source": "Repository"
    },
    "shiny": {
      "Package": "shiny",
      "Version": "1.8.1.1",
      "Source": "Repository"
    },
    "sitmo": {
      "Package": "sitmo",
      "Version": "2.0.2",
      "Source": "Repository"
    },
    "snow": {
      "Package": "snow",
      "Version": "0.4-4",
      "Source": "Repository",
      "Repository": "RSPM",
      "Requirements": [
        "R",
        "utils"
      ],
      "Hash": "40b74690debd20c57d93d8c246b305d4"
    },
    "sourcetools": {
      "Package": "sourcetools",
      "Version": "0.1.7-1",
      "Source": "Repository"
    },
    "sp": {
      "Package": "sp",
      "Version": "2.1-3",
      "Source": "Repository"
    },
    "spam": {
      "Package": "spam",
      "Version": "2.10-0",
      "Source": "Repository"
    },
    "sparseMatrixStats": {
      "Package": "sparseMatrixStats",
      "Version": "1.14.0",
      "Source": "Bioconductor",
      "Requirements": [
        "Matrix",
        "MatrixGenerics",
        "Rcpp",
        "matrixStats",
        "methods"
      ],
      "Hash": "49383d0f6c6152ff7cb594f254c23cc8"
    },
    "spatstat.data": {
      "Package": "spatstat.data",
      "Version": "3.0-4",
      "Source": "Repository"
    },
    "spatstat.explore": {
      "Package": "spatstat.explore",
      "Version": "3.2-7",
      "Source": "Repository"
    },
    "spatstat.geom": {
      "Package": "spatstat.geom",
      "Version": "3.2-9",
      "Source": "Repository"
    },
    "spatstat.random": {
      "Package": "spatstat.random",
      "Version": "3.2-3",
      "Source": "Repository"
    },
    "spatstat.sparse": {
      "Package": "spatstat.sparse",
      "Version": "3.0-3",
      "Source": "Repository"
    },
    "spatstat.utils": {
      "Package": "spatstat.utils",
      "Version": "3.0-4",
      "Source": "Repository"
    },
    "splines": {
      "Package": "splines",
      "Version": "4.3.3",
      "Source": "R"
    },
    "statmod": {
      "Package": "statmod",
      "Version": "1.5.0",
      "Source": "Repository",
      "Repository": "RSPM",
      "Requirements": [
        "R",
        "graphics",
        "stats"
      ],
      "Hash": "26e158d12052c279bdd4ba858b80fb1f"
    },
    "stats": {
      "Package": "stats",
      "Version": "4.3.3",
      "Source": "R"
    },
    "stringi": {
      "Package": "stringi",
      "Version": "1.8.3",
      "Source": "Repository"
    },
    "stringr": {
      "Package": "stringr",
      "Version": "1.5.1",
      "Source": "Repository"
    },
    "survival": {
      "Package": "survival",
      "Version": "3.5-8",
      "Source": "Repository"
    },
    "svMisc": {
      "Package": "svMisc",
      "Version": "1.2.3",
      "Source": "Repository",
      "Repository": "RSPM",
      "Requirements": [
        "R",
        "methods",
        "stats",
        "tools",
        "utils"
      ],
      "Hash": "b13f5680860f67c32ccb006ad38f24f4"
    },
    "sys": {
      "Package": "sys",
      "Version": "3.4.2",
      "Source": "Repository"
    },
    "systemfonts": {
      "Package": "systemfonts",
      "Version": "1.0.6",
      "Source": "Repository"
    },
    "tensor": {
      "Package": "tensor",
      "Version": "1.5",
      "Source": "Repository"
    },
    "textshaping": {
      "Package": "textshaping",
      "Version": "0.3.7",
      "Source": "Repository"
    },
    "tibble": {
      "Package": "tibble",
      "Version": "3.2.1",
      "Source": "Repository"
    },
    "tidyr": {
      "Package": "tidyr",
      "Version": "1.3.1",
      "Source": "Repository"
    },
    "tidyselect": {
      "Package": "tidyselect",
      "Version": "1.2.1",
      "Source": "Repository"
    },
    "tidyverse": {
      "Package": "tidyverse",
      "Version": "2.0.0",
      "Source": "Repository"
    },
    "timechange": {
      "Package": "timechange",
      "Version": "0.3.0",
      "Source": "Repository"
    },
    "tinytex": {
      "Package": "tinytex",
      "Version": "0.50",
      "Source": "Repository"
    },
    "tools": {
      "Package": "tools",
      "Version": "4.3.3",
      "Source": "R"
    },
    "tximport": {
      "Package": "tximport",
      "Version": "1.30.0",
      "Source": "Bioconductor",
      "Requirements": [
        "methods",
        "stats",
        "utils"
      ],
      "Hash": "6e9621b0f1bf9398255f32c7000a7e16"
    },
    "tzdb": {
      "Package": "tzdb",
      "Version": "0.4.0",
      "Source": "Repository"
    },
    "utf8": {
      "Package": "utf8",
      "Version": "1.2.4",
      "Source": "Repository"
    },
    "utils": {
      "Package": "utils",
      "Version": "4.3.3",
      "Source": "R"
    },
    "uuid": {
      "Package": "uuid",
      "Version": "1.2-0",
      "Source": "Repository"
    },
    "uwot": {
      "Package": "uwot",
      "Version": "0.2.2",
      "Source": "Repository"
    },
    "vctrs": {
      "Package": "vctrs",
      "Version": "0.6.5",
      "Source": "Repository"
    },
    "viridisLite": {
      "Package": "viridisLite",
      "Version": "0.4.2",
      "Source": "Repository"
    },
    "vroom": {
      "Package": "vroom",
      "Version": "1.6.5",
      "Source": "Repository"
    },
    "withr": {
      "Package": "withr",
      "Version": "3.0.0",
      "Source": "Repository"
    },
    "xfun": {
      "Package": "xfun",
      "Version": "0.43",
      "Source": "Repository"
    },
    "xml2": {
      "Package": "xml2",
      "Version": "1.3.6",
      "Source": "Repository"
    },
    "xtable": {
      "Package": "xtable",
      "Version": "1.8-4",
      "Source": "Repository"
    },
    "yaml": {
      "Package": "yaml",
      "Version": "2.3.8",
      "Source": "Repository"
    },
    "zlibbioc": {
      "Package": "zlibbioc",
      "Version": "1.48.2",
      "Source": "Bioconductor",
      "Repository": "Bioconductor 3.18",
      "Hash": "2344be62c2da4d9e9942b5d8db346e59"
    },
    "zoo": {
      "Package": "zoo",
      "Version": "1.8-12",
      "Source": "Repository"
    }
  }
}
